{
  "pins" : [
    {
      "identity" : "datastruct",
      "kind" : "remoteSourceControl",
      "location" : "https://github.com/TimmysApp/DataStruct",
      "state" : {
        "branch" : "master",
        "revision" : "4abe53a7156313a84721c369fc4c42474c419276"
      }
    },
    {
      "identity" : "networkui",
      "kind" : "remoteSourceControl",
      "location" : "https://github.com/TimmysApp/NetworkUI",
      "state" : {
        "branch" : "master",
        "revision" : "47fd6d434f470abd8b83bc218d289c63751c8ac4"
      }
    },
    {
      "identity" : "skeletonview",
      "kind" : "remoteSourceControl",
      "location" : "https://github.com/Juanpe/SkeletonView",
      "state" : {
        "revision" : "739a4f5d78731bebc48811c75fa9e1f4c4cef23e",
        "version" : "1.30.4"
      }
    }
  ],
  "version" : 2
}
