// !$*UTF8*$!
{
	archiveVersion = 1;
	classes = {
	};
	objectVersion = 56;
	objects = {

/* Begin PBXBuildFile section */
		BA00B91F2ABEC64600FE94BE /* CharacterMapper.swift in Sources */ = {isa = PBXBuildFile; fileRef = BA00B91E2ABEC64600FE94BE /* CharacterMapper.swift */; };
		BA00B9222ABEC74300FE94BE /* AdditionalLinkMapper.swift in Sources */ = {isa = PBXBuildFile; fileRef = BA00B9212ABEC74300FE94BE /* AdditionalLinkMapper.swift */; };
		BA00B9242ABECBCD00FE94BE /* CharactersRepositoryTests.swift in Sources */ = {isa = PBXBuildFile; fileRef = BA00B9232ABECBCD00FE94BE /* CharactersRepositoryTests.swift */; };
		BA00B9282ABECC3700FE94BE /* CharactersRemoteSourceStub.swift in Sources */ = {isa = PBXBuildFile; fileRef = BA00B9272ABECC3700FE94BE /* CharactersRemoteSourceStub.swift */; };
		BA00B92A2ABECCB100FE94BE /* ErrorStub.swift in Sources */ = {isa = PBXBuildFile; fileRef = BA00B9292ABECCB100FE94BE /* ErrorStub.swift */; };
		BA00B92C2ABECE1E00FE94BE /* CharactersLocalSourceStub.swift in Sources */ = {isa = PBXBuildFile; fileRef = BA00B92B2ABECE1E00FE94BE /* CharactersLocalSourceStub.swift */; };
		BA04934D2ABF04F90045EB0A /* DataStruct in Frameworks */ = {isa = PBXBuildFile; productRef = BA04934C2ABF04F90045EB0A /* DataStruct */; };
		BA20A7E62AC0480C00D09330 /* ContentDTO.swift in Sources */ = {isa = PBXBuildFile; fileRef = BA20A7E52AC0480C00D09330 /* ContentDTO.swift */; };
		BA2509992ABE081500871222 /* NetworkUI in Frameworks */ = {isa = PBXBuildFile; productRef = BA2509982ABE081500871222 /* NetworkUI */; };
		BA25099B2ABE082700871222 /* NetworkConfigs.swift in Sources */ = {isa = PBXBuildFile; fileRef = BA25099A2ABE082700871222 /* NetworkConfigs.swift */; };
		BA25099E2ABE088300871222 /* CharactersRoute.swift in Sources */ = {isa = PBXBuildFile; fileRef = BA25099D2ABE088300871222 /* CharactersRoute.swift */; };
		BA2509A12ABE090B00871222 /* CharactersParameters.swift in Sources */ = {isa = PBXBuildFile; fileRef = BA2509A02ABE090B00871222 /* CharactersParameters.swift */; };
		BA2509A42ABE097600871222 /* AuthenticationParametersFactory.swift in Sources */ = {isa = PBXBuildFile; fileRef = BA2509A32ABE097600871222 /* AuthenticationParametersFactory.swift */; };
		BA2509A62ABE097F00871222 /* AuthenticationParameters.swift in Sources */ = {isa = PBXBuildFile; fileRef = BA2509A52ABE097F00871222 /* AuthenticationParameters.swift */; };
		BA2509A82ABE0A2100871222 /* MD5Hasher.swift in Sources */ = {isa = PBXBuildFile; fileRef = BA2509A72ABE0A2100871222 /* MD5Hasher.swift */; };
		BA2DB6A12ABDEA2400CB29C7 /* Marvel_CharactersApp.swift in Sources */ = {isa = PBXBuildFile; fileRef = BA2DB6A02ABDEA2400CB29C7 /* Marvel_CharactersApp.swift */; };
		BA2DB6A52ABDEA2500CB29C7 /* Assets.xcassets in Resources */ = {isa = PBXBuildFile; fileRef = BA2DB6A42ABDEA2500CB29C7 /* Assets.xcassets */; };
		BA2DB6A82ABDEA2500CB29C7 /* Preview Assets.xcassets in Resources */ = {isa = PBXBuildFile; fileRef = BA2DB6A72ABDEA2500CB29C7 /* Preview Assets.xcassets */; };
		BA2DB6AA2ABDEA2500CB29C7 /* Persistence.swift in Sources */ = {isa = PBXBuildFile; fileRef = BA2DB6A92ABDEA2500CB29C7 /* Persistence.swift */; };
		BA2DB6AD2ABDEA2500CB29C7 /* Marvel_Characters.xcdatamodeld in Sources */ = {isa = PBXBuildFile; fileRef = BA2DB6AB2ABDEA2500CB29C7 /* Marvel_Characters.xcdatamodeld */; };
		BA2DB6C12ABDEA2500CB29C7 /* Marvel_CharactersUITests.swift in Sources */ = {isa = PBXBuildFile; fileRef = BA2DB6C02ABDEA2500CB29C7 /* Marvel_CharactersUITests.swift */; };
		BA2DB6C32ABDEA2500CB29C7 /* Marvel_CharactersUITestsLaunchTests.swift in Sources */ = {isa = PBXBuildFile; fileRef = BA2DB6C22ABDEA2500CB29C7 /* Marvel_CharactersUITestsLaunchTests.swift */; };
		BA2DB6D52ABDF2FD00CB29C7 /* ResponseContainer.swift in Sources */ = {isa = PBXBuildFile; fileRef = BA2DB6D42ABDF2FD00CB29C7 /* ResponseContainer.swift */; };
		BA2DB6D82ABDF3D400CB29C7 /* PaginatedResponse.swift in Sources */ = {isa = PBXBuildFile; fileRef = BA2DB6D72ABDF3D400CB29C7 /* PaginatedResponse.swift */; };
		BA2DB6DA2ABDF4B500CB29C7 /* CharacterDTO.swift in Sources */ = {isa = PBXBuildFile; fileRef = BA2DB6D92ABDF4B500CB29C7 /* CharacterDTO.swift */; };
		BA2DB6DC2ABDF51100CB29C7 /* Contents.swift in Sources */ = {isa = PBXBuildFile; fileRef = BA2DB6DB2ABDF51100CB29C7 /* Contents.swift */; };
		BA2DB6DE2ABDF6C300CB29C7 /* ThumbnailDTO.swift in Sources */ = {isa = PBXBuildFile; fileRef = BA2DB6DD2ABDF6C300CB29C7 /* ThumbnailDTO.swift */; };
		BA2DB6E02ABDF74E00CB29C7 /* URLItemDTO.swift in Sources */ = {isa = PBXBuildFile; fileRef = BA2DB6DF2ABDF74E00CB29C7 /* URLItemDTO.swift */; };
		BA2DB6E42ABDF9AE00CB29C7 /* Character.swift in Sources */ = {isa = PBXBuildFile; fileRef = BA2DB6E32ABDF9AE00CB29C7 /* Character.swift */; };
		BA2DB6EA2ABDFCC000CB29C7 /* AdditionalLink.swift in Sources */ = {isa = PBXBuildFile; fileRef = BA2DB6E92ABDFCC000CB29C7 /* AdditionalLink.swift */; };
		BA2DB6ED2ABDFF5400CB29C7 /* CharacterEntityMockFactory.swift in Sources */ = {isa = PBXBuildFile; fileRef = BA2DB6EC2ABDFF5400CB29C7 /* CharacterEntityMockFactory.swift */; };
		BA4D15322AC024E800465C0D /* PhotoCache.swift in Sources */ = {isa = PBXBuildFile; fileRef = BA4D15312AC024E800465C0D /* PhotoCache.swift */; };
		BA4D15342AC0251B00465C0D /* PhotoLoader.swift in Sources */ = {isa = PBXBuildFile; fileRef = BA4D15332AC0251B00465C0D /* PhotoLoader.swift */; };
		BA4D15372AC0283700465C0D /* RemotePhotoView.swift in Sources */ = {isa = PBXBuildFile; fileRef = BA4D15362AC0283700465C0D /* RemotePhotoView.swift */; };
		BA4D15392AC029DD00465C0D /* RemoteImageView.swift in Sources */ = {isa = PBXBuildFile; fileRef = BA4D15382AC029DD00465C0D /* RemoteImageView.swift */; };
		BA4D153B2AC0317200465C0D /* ViewStates.swift in Sources */ = {isa = PBXBuildFile; fileRef = BA4D153A2AC0317200465C0D /* ViewStates.swift */; };
		BA4D153E2AC0380700465C0D /* PaginationLoadingTableViewCell.swift in Sources */ = {isa = PBXBuildFile; fileRef = BA4D153D2AC0380700465C0D /* PaginationLoadingTableViewCell.swift */; };
		BA53C4882ABF2D8500F2ED45 /* CharacterDatabaseTests.swift in Sources */ = {isa = PBXBuildFile; fileRef = BA53C4872ABF2D8500F2ED45 /* CharacterDatabaseTests.swift */; };
		BA53C48C2ABF317B00F2ED45 /* PersistenceControllerStub.swift in Sources */ = {isa = PBXBuildFile; fileRef = BA53C48B2ABF317B00F2ED45 /* PersistenceControllerStub.swift */; };
		BAAF6E832ABED6D100A3EC29 /* CharactersListViewController.swift in Sources */ = {isa = PBXBuildFile; fileRef = BAAF6E812ABED6D100A3EC29 /* CharactersListViewController.swift */; };
		BAAF6E842ABED6D100A3EC29 /* CharactersListViewController.xib in Resources */ = {isa = PBXBuildFile; fileRef = BAAF6E822ABED6D100A3EC29 /* CharactersListViewController.xib */; };
		BAAF6E882ABED92D00A3EC29 /* HomeViewModel.swift in Sources */ = {isa = PBXBuildFile; fileRef = BAAF6E872ABED92D00A3EC29 /* HomeViewModel.swift */; };
		BAAF6E8B2ABED9D700A3EC29 /* CharactersListViewWrapper.swift in Sources */ = {isa = PBXBuildFile; fileRef = BAAF6E8A2ABED9D700A3EC29 /* CharactersListViewWrapper.swift */; };
		BAAF6E912ABEE0B600A3EC29 /* CharacterTableViewCell.swift in Sources */ = {isa = PBXBuildFile; fileRef = BAAF6E902ABEE0B600A3EC29 /* CharacterTableViewCell.swift */; };
		BAAF6E942ABEE16500A3EC29 /* CharacterTableCellViewModel.swift in Sources */ = {isa = PBXBuildFile; fileRef = BAAF6E932ABEE16500A3EC29 /* CharacterTableCellViewModel.swift */; };
		BAAF6E962ABEEA1F00A3EC29 /* DefaultCodable.swift in Sources */ = {isa = PBXBuildFile; fileRef = BAAF6E952ABEEA1F00A3EC29 /* DefaultCodable.swift */; };
		BAAF6E982ABEFB2700A3EC29 /* Color.swift in Sources */ = {isa = PBXBuildFile; fileRef = BAAF6E972ABEFB2700A3EC29 /* Color.swift */; };
		BAAF6E9B2ABF02CE00A3EC29 /* SkeletonView in Frameworks */ = {isa = PBXBuildFile; productRef = BAAF6E9A2ABF02CE00A3EC29 /* SkeletonView */; };
		BAB0C3292ABE457100B21345 /* FetchCharactersUseCase.swift in Sources */ = {isa = PBXBuildFile; fileRef = BAB0C3282ABE457100B21345 /* FetchCharactersUseCase.swift */; };
		BAB0C32C2ABE4AF600B21345 /* CharactersSource.swift in Sources */ = {isa = PBXBuildFile; fileRef = BAB0C32B2ABE4AF600B21345 /* CharactersSource.swift */; };
		BAB0C32F2ABE4C5C00B21345 /* CharactersRepository.swift in Sources */ = {isa = PBXBuildFile; fileRef = BAB0C32E2ABE4C5C00B21345 /* CharactersRepository.swift */; };
		BAB0C3322ABE4C9A00B21345 /* CharactersRemoteSource.swift in Sources */ = {isa = PBXBuildFile; fileRef = BAB0C3312ABE4C9A00B21345 /* CharactersRemoteSource.swift */; };
		BAB0C3352ABE4CF500B21345 /* CharactersLocalSource.swift in Sources */ = {isa = PBXBuildFile; fileRef = BAB0C3342ABE4CF500B21345 /* CharactersLocalSource.swift */; };
		BABCC27A2ABF84CD0071A0B7 /* ScrollCarouselView.swift in Sources */ = {isa = PBXBuildFile; fileRef = BABCC2792ABF84CD0071A0B7 /* ScrollCarouselView.swift */; };
		BABCC27D2ABF88CC0071A0B7 /* ScrollViewExtensions.swift in Sources */ = {isa = PBXBuildFile; fileRef = BABCC27C2ABF88CC0071A0B7 /* ScrollViewExtensions.swift */; };
		BABCC2802ABF890E0071A0B7 /* ViewOffsetPrefrenceKey.swift in Sources */ = {isa = PBXBuildFile; fileRef = BABCC27F2ABF890E0071A0B7 /* ViewOffsetPrefrenceKey.swift */; };
		BABCC2832ABF91C10071A0B7 /* HomeView.swift in Sources */ = {isa = PBXBuildFile; fileRef = BABCC2822ABF91C10071A0B7 /* HomeView.swift */; };
		BABCC2852ABF91CB0071A0B7 /* HomeViewFactory.swift in Sources */ = {isa = PBXBuildFile; fileRef = BABCC2842ABF91CB0071A0B7 /* HomeViewFactory.swift */; };
		BACA1D662ABF7F8E00AECAB5 /* DicoverView.swift in Sources */ = {isa = PBXBuildFile; fileRef = BACA1D652ABF7F8E00AECAB5 /* DicoverView.swift */; };
/* End PBXBuildFile section */

/* Begin PBXContainerItemProxy section */
		BA2DB6B32ABDEA2500CB29C7 /* PBXContainerItemProxy */ = {
			isa = PBXContainerItemProxy;
			containerPortal = BA2DB6952ABDEA2400CB29C7 /* Project object */;
			proxyType = 1;
			remoteGlobalIDString = BA2DB69C2ABDEA2400CB29C7;
			remoteInfo = "Marvel Characters";
		};
		BA2DB6BD2ABDEA2500CB29C7 /* PBXContainerItemProxy */ = {
			isa = PBXContainerItemProxy;
			containerPortal = BA2DB6952ABDEA2400CB29C7 /* Project object */;
			proxyType = 1;
			remoteGlobalIDString = BA2DB69C2ABDEA2400CB29C7;
			remoteInfo = "Marvel Characters";
		};
/* End PBXContainerItemProxy section */

/* Begin PBXFileReference section */
		BA00B91E2ABEC64600FE94BE /* CharacterMapper.swift */ = {isa = PBXFileReference; lastKnownFileType = sourcecode.swift; path = CharacterMapper.swift; sourceTree = "<group>"; };
		BA00B9212ABEC74300FE94BE /* AdditionalLinkMapper.swift */ = {isa = PBXFileReference; lastKnownFileType = sourcecode.swift; path = AdditionalLinkMapper.swift; sourceTree = "<group>"; };
		BA00B9232ABECBCD00FE94BE /* CharactersRepositoryTests.swift */ = {isa = PBXFileReference; lastKnownFileType = sourcecode.swift; path = CharactersRepositoryTests.swift; sourceTree = "<group>"; };
		BA00B9272ABECC3700FE94BE /* CharactersRemoteSourceStub.swift */ = {isa = PBXFileReference; lastKnownFileType = sourcecode.swift; path = CharactersRemoteSourceStub.swift; sourceTree = "<group>"; };
		BA00B9292ABECCB100FE94BE /* ErrorStub.swift */ = {isa = PBXFileReference; lastKnownFileType = sourcecode.swift; path = ErrorStub.swift; sourceTree = "<group>"; };
		BA00B92B2ABECE1E00FE94BE /* CharactersLocalSourceStub.swift */ = {isa = PBXFileReference; lastKnownFileType = sourcecode.swift; path = CharactersLocalSourceStub.swift; sourceTree = "<group>"; };
		BA20A7E52AC0480C00D09330 /* ContentDTO.swift */ = {isa = PBXFileReference; lastKnownFileType = sourcecode.swift; path = ContentDTO.swift; sourceTree = "<group>"; };
		BA25099A2ABE082700871222 /* NetworkConfigs.swift */ = {isa = PBXFileReference; lastKnownFileType = sourcecode.swift; path = NetworkConfigs.swift; sourceTree = "<group>"; };
		BA25099D2ABE088300871222 /* CharactersRoute.swift */ = {isa = PBXFileReference; lastKnownFileType = sourcecode.swift; path = CharactersRoute.swift; sourceTree = "<group>"; };
		BA2509A02ABE090B00871222 /* CharactersParameters.swift */ = {isa = PBXFileReference; lastKnownFileType = sourcecode.swift; path = CharactersParameters.swift; sourceTree = "<group>"; };
		BA2509A32ABE097600871222 /* AuthenticationParametersFactory.swift */ = {isa = PBXFileReference; lastKnownFileType = sourcecode.swift; path = AuthenticationParametersFactory.swift; sourceTree = "<group>"; };
		BA2509A52ABE097F00871222 /* AuthenticationParameters.swift */ = {isa = PBXFileReference; lastKnownFileType = sourcecode.swift; path = AuthenticationParameters.swift; sourceTree = "<group>"; };
		BA2509A72ABE0A2100871222 /* MD5Hasher.swift */ = {isa = PBXFileReference; lastKnownFileType = sourcecode.swift; path = MD5Hasher.swift; sourceTree = "<group>"; };
		BA2DB69D2ABDEA2400CB29C7 /* Marvel Characters.app */ = {isa = PBXFileReference; explicitFileType = wrapper.application; includeInIndex = 0; path = "Marvel Characters.app"; sourceTree = BUILT_PRODUCTS_DIR; };
		BA2DB6A02ABDEA2400CB29C7 /* Marvel_CharactersApp.swift */ = {isa = PBXFileReference; lastKnownFileType = sourcecode.swift; path = Marvel_CharactersApp.swift; sourceTree = "<group>"; };
		BA2DB6A42ABDEA2500CB29C7 /* Assets.xcassets */ = {isa = PBXFileReference; lastKnownFileType = folder.assetcatalog; path = Assets.xcassets; sourceTree = "<group>"; };
		BA2DB6A72ABDEA2500CB29C7 /* Preview Assets.xcassets */ = {isa = PBXFileReference; lastKnownFileType = folder.assetcatalog; path = "Preview Assets.xcassets"; sourceTree = "<group>"; };
		BA2DB6A92ABDEA2500CB29C7 /* Persistence.swift */ = {isa = PBXFileReference; lastKnownFileType = sourcecode.swift; path = Persistence.swift; sourceTree = "<group>"; };
		BA2DB6AC2ABDEA2500CB29C7 /* Marvel_Characters.xcdatamodel */ = {isa = PBXFileReference; lastKnownFileType = wrapper.xcdatamodel; path = Marvel_Characters.xcdatamodel; sourceTree = "<group>"; };
		BA2DB6B22ABDEA2500CB29C7 /* Marvel CharactersTests.xctest */ = {isa = PBXFileReference; explicitFileType = wrapper.cfbundle; includeInIndex = 0; path = "Marvel CharactersTests.xctest"; sourceTree = BUILT_PRODUCTS_DIR; };
		BA2DB6BC2ABDEA2500CB29C7 /* Marvel CharactersUITests.xctest */ = {isa = PBXFileReference; explicitFileType = wrapper.cfbundle; includeInIndex = 0; path = "Marvel CharactersUITests.xctest"; sourceTree = BUILT_PRODUCTS_DIR; };
		BA2DB6C02ABDEA2500CB29C7 /* Marvel_CharactersUITests.swift */ = {isa = PBXFileReference; lastKnownFileType = sourcecode.swift; path = Marvel_CharactersUITests.swift; sourceTree = "<group>"; };
		BA2DB6C22ABDEA2500CB29C7 /* Marvel_CharactersUITestsLaunchTests.swift */ = {isa = PBXFileReference; lastKnownFileType = sourcecode.swift; path = Marvel_CharactersUITestsLaunchTests.swift; sourceTree = "<group>"; };
		BA2DB6D42ABDF2FD00CB29C7 /* ResponseContainer.swift */ = {isa = PBXFileReference; lastKnownFileType = sourcecode.swift; path = ResponseContainer.swift; sourceTree = "<group>"; };
		BA2DB6D72ABDF3D400CB29C7 /* PaginatedResponse.swift */ = {isa = PBXFileReference; lastKnownFileType = sourcecode.swift; path = PaginatedResponse.swift; sourceTree = "<group>"; };
		BA2DB6D92ABDF4B500CB29C7 /* CharacterDTO.swift */ = {isa = PBXFileReference; lastKnownFileType = sourcecode.swift; path = CharacterDTO.swift; sourceTree = "<group>"; };
		BA2DB6DB2ABDF51100CB29C7 /* Contents.swift */ = {isa = PBXFileReference; lastKnownFileType = sourcecode.swift; path = Contents.swift; sourceTree = "<group>"; };
		BA2DB6DD2ABDF6C300CB29C7 /* ThumbnailDTO.swift */ = {isa = PBXFileReference; lastKnownFileType = sourcecode.swift; path = ThumbnailDTO.swift; sourceTree = "<group>"; };
		BA2DB6DF2ABDF74E00CB29C7 /* URLItemDTO.swift */ = {isa = PBXFileReference; lastKnownFileType = sourcecode.swift; path = URLItemDTO.swift; sourceTree = "<group>"; };
		BA2DB6E32ABDF9AE00CB29C7 /* Character.swift */ = {isa = PBXFileReference; lastKnownFileType = sourcecode.swift; path = Character.swift; sourceTree = "<group>"; };
		BA2DB6E92ABDFCC000CB29C7 /* AdditionalLink.swift */ = {isa = PBXFileReference; lastKnownFileType = sourcecode.swift; path = AdditionalLink.swift; sourceTree = "<group>"; };
		BA2DB6EC2ABDFF5400CB29C7 /* CharacterEntityMockFactory.swift */ = {isa = PBXFileReference; lastKnownFileType = sourcecode.swift; path = CharacterEntityMockFactory.swift; sourceTree = "<group>"; };
		BA4D15312AC024E800465C0D /* PhotoCache.swift */ = {isa = PBXFileReference; fileEncoding = 4; lastKnownFileType = sourcecode.swift; path = PhotoCache.swift; sourceTree = "<group>"; };
		BA4D15332AC0251B00465C0D /* PhotoLoader.swift */ = {isa = PBXFileReference; fileEncoding = 4; lastKnownFileType = sourcecode.swift; path = PhotoLoader.swift; sourceTree = "<group>"; };
		BA4D15362AC0283700465C0D /* RemotePhotoView.swift */ = {isa = PBXFileReference; lastKnownFileType = sourcecode.swift; path = RemotePhotoView.swift; sourceTree = "<group>"; };
		BA4D15382AC029DD00465C0D /* RemoteImageView.swift */ = {isa = PBXFileReference; lastKnownFileType = sourcecode.swift; path = RemoteImageView.swift; sourceTree = "<group>"; };
		BA4D153A2AC0317200465C0D /* ViewStates.swift */ = {isa = PBXFileReference; lastKnownFileType = sourcecode.swift; path = ViewStates.swift; sourceTree = "<group>"; };
		BA4D153D2AC0380700465C0D /* PaginationLoadingTableViewCell.swift */ = {isa = PBXFileReference; lastKnownFileType = sourcecode.swift; path = PaginationLoadingTableViewCell.swift; sourceTree = "<group>"; };
		BA53C4872ABF2D8500F2ED45 /* CharacterDatabaseTests.swift */ = {isa = PBXFileReference; lastKnownFileType = sourcecode.swift; path = CharacterDatabaseTests.swift; sourceTree = "<group>"; };
		BA53C48B2ABF317B00F2ED45 /* PersistenceControllerStub.swift */ = {isa = PBXFileReference; lastKnownFileType = sourcecode.swift; path = PersistenceControllerStub.swift; sourceTree = "<group>"; };
		BAAF6E812ABED6D100A3EC29 /* CharactersListViewController.swift */ = {isa = PBXFileReference; lastKnownFileType = sourcecode.swift; path = CharactersListViewController.swift; sourceTree = "<group>"; };
		BAAF6E822ABED6D100A3EC29 /* CharactersListViewController.xib */ = {isa = PBXFileReference; lastKnownFileType = file.xib; path = CharactersListViewController.xib; sourceTree = "<group>"; };
		BAAF6E872ABED92D00A3EC29 /* HomeViewModel.swift */ = {isa = PBXFileReference; lastKnownFileType = sourcecode.swift; path = HomeViewModel.swift; sourceTree = "<group>"; };
		BAAF6E8A2ABED9D700A3EC29 /* CharactersListViewWrapper.swift */ = {isa = PBXFileReference; lastKnownFileType = sourcecode.swift; path = CharactersListViewWrapper.swift; sourceTree = "<group>"; };
		BAAF6E902ABEE0B600A3EC29 /* CharacterTableViewCell.swift */ = {isa = PBXFileReference; lastKnownFileType = sourcecode.swift; path = CharacterTableViewCell.swift; sourceTree = "<group>"; };
		BAAF6E932ABEE16500A3EC29 /* CharacterTableCellViewModel.swift */ = {isa = PBXFileReference; lastKnownFileType = sourcecode.swift; path = CharacterTableCellViewModel.swift; sourceTree = "<group>"; };
		BAAF6E952ABEEA1F00A3EC29 /* DefaultCodable.swift */ = {isa = PBXFileReference; lastKnownFileType = sourcecode.swift; path = DefaultCodable.swift; sourceTree = "<group>"; };
		BAAF6E972ABEFB2700A3EC29 /* Color.swift */ = {isa = PBXFileReference; lastKnownFileType = sourcecode.swift; path = Color.swift; sourceTree = "<group>"; };
		BAB0C3282ABE457100B21345 /* FetchCharactersUseCase.swift */ = {isa = PBXFileReference; lastKnownFileType = sourcecode.swift; path = FetchCharactersUseCase.swift; sourceTree = "<group>"; };
		BAB0C32B2ABE4AF600B21345 /* CharactersSource.swift */ = {isa = PBXFileReference; lastKnownFileType = sourcecode.swift; path = CharactersSource.swift; sourceTree = "<group>"; };
		BAB0C32E2ABE4C5C00B21345 /* CharactersRepository.swift */ = {isa = PBXFileReference; lastKnownFileType = sourcecode.swift; path = CharactersRepository.swift; sourceTree = "<group>"; };
		BAB0C3312ABE4C9A00B21345 /* CharactersRemoteSource.swift */ = {isa = PBXFileReference; lastKnownFileType = sourcecode.swift; path = CharactersRemoteSource.swift; sourceTree = "<group>"; };
		BAB0C3342ABE4CF500B21345 /* CharactersLocalSource.swift */ = {isa = PBXFileReference; lastKnownFileType = sourcecode.swift; path = CharactersLocalSource.swift; sourceTree = "<group>"; };
		BABCC2792ABF84CD0071A0B7 /* ScrollCarouselView.swift */ = {isa = PBXFileReference; lastKnownFileType = sourcecode.swift; path = ScrollCarouselView.swift; sourceTree = "<group>"; };
		BABCC27C2ABF88CC0071A0B7 /* ScrollViewExtensions.swift */ = {isa = PBXFileReference; lastKnownFileType = sourcecode.swift; path = ScrollViewExtensions.swift; sourceTree = "<group>"; };
		BABCC27F2ABF890E0071A0B7 /* ViewOffsetPrefrenceKey.swift */ = {isa = PBXFileReference; lastKnownFileType = sourcecode.swift; path = ViewOffsetPrefrenceKey.swift; sourceTree = "<group>"; };
		BABCC2822ABF91C10071A0B7 /* HomeView.swift */ = {isa = PBXFileReference; lastKnownFileType = sourcecode.swift; path = HomeView.swift; sourceTree = "<group>"; };
		BABCC2842ABF91CB0071A0B7 /* HomeViewFactory.swift */ = {isa = PBXFileReference; lastKnownFileType = sourcecode.swift; path = HomeViewFactory.swift; sourceTree = "<group>"; };
		BACA1D652ABF7F8E00AECAB5 /* DicoverView.swift */ = {isa = PBXFileReference; lastKnownFileType = sourcecode.swift; path = DicoverView.swift; sourceTree = "<group>"; };
/* End PBXFileReference section */

/* Begin PBXFrameworksBuildPhase section */
		BA2DB69A2ABDEA2400CB29C7 /* Frameworks */ = {
			isa = PBXFrameworksBuildPhase;
			buildActionMask = 2147483647;
			files = (
				BAAF6E9B2ABF02CE00A3EC29 /* SkeletonView in Frameworks */,
				BA2509992ABE081500871222 /* NetworkUI in Frameworks */,
				BA04934D2ABF04F90045EB0A /* DataStruct in Frameworks */,
			);
			runOnlyForDeploymentPostprocessing = 0;
		};
		BA2DB6AF2ABDEA2500CB29C7 /* Frameworks */ = {
			isa = PBXFrameworksBuildPhase;
			buildActionMask = 2147483647;
			files = (
			);
			runOnlyForDeploymentPostprocessing = 0;
		};
		BA2DB6B92ABDEA2500CB29C7 /* Frameworks */ = {
			isa = PBXFrameworksBuildPhase;
			buildActionMask = 2147483647;
			files = (
			);
			runOnlyForDeploymentPostprocessing = 0;
		};
/* End PBXFrameworksBuildPhase section */

/* Begin PBXGroup section */
		BA00B91A2ABEC33C00FE94BE /* Characters */ = {
			isa = PBXGroup;
			children = (
				BAB0C3312ABE4C9A00B21345 /* CharactersRemoteSource.swift */,
				BAB0C3342ABE4CF500B21345 /* CharactersLocalSource.swift */,
			);
			path = Characters;
			sourceTree = "<group>";
		};
		BA00B9202ABEC64900FE94BE /* Mappers */ = {
			isa = PBXGroup;
			children = (
				BA00B91E2ABEC64600FE94BE /* CharacterMapper.swift */,
				BA00B9212ABEC74300FE94BE /* AdditionalLinkMapper.swift */,
			);
			path = Mappers;
			sourceTree = "<group>";
		};
		BA00B9252ABECBCF00FE94BE /* Repositories */ = {
			isa = PBXGroup;
			children = (
				BA53C48A2ABF2DB900F2ED45 /* Sources */,
				BA00B9262ABECBD500FE94BE /* Characters */,
			);
			path = Repositories;
			sourceTree = "<group>";
		};
		BA00B9262ABECBD500FE94BE /* Characters */ = {
			isa = PBXGroup;
			children = (
				BA53C4892ABF2DA900F2ED45 /* Sources */,
				BA00B9232ABECBCD00FE94BE /* CharactersRepositoryTests.swift */,
			);
			path = Characters;
			sourceTree = "<group>";
		};
		BA25099C2ABE082E00871222 /* Network */ = {
			isa = PBXGroup;
			children = (
				BA2509A92ABE0B5E00871222 /* Routes */,
				BA25099A2ABE082700871222 /* NetworkConfigs.swift */,
				BA2509A32ABE097600871222 /* AuthenticationParametersFactory.swift */,
			);
			path = Network;
			sourceTree = "<group>";
		};
		BA25099F2ABE08FC00871222 /* Responses */ = {
			isa = PBXGroup;
			children = (
				BA2DB6E12ABDF78300CB29C7 /* Generic */,
				BA2DB6E22ABDF7E200CB29C7 /* Character */,
				BA2DB6DD2ABDF6C300CB29C7 /* ThumbnailDTO.swift */,
				BA20A7E52AC0480C00D09330 /* ContentDTO.swift */,
				BA2DB6DF2ABDF74E00CB29C7 /* URLItemDTO.swift */,
			);
			path = Responses;
			sourceTree = "<group>";
		};
		BA2509A22ABE090E00871222 /* Requests */ = {
			isa = PBXGroup;
			children = (
				BA2509A02ABE090B00871222 /* CharactersParameters.swift */,
				BA2509A52ABE097F00871222 /* AuthenticationParameters.swift */,
			);
			path = Requests;
			sourceTree = "<group>";
		};
		BA2509A92ABE0B5E00871222 /* Routes */ = {
			isa = PBXGroup;
			children = (
				BA25099D2ABE088300871222 /* CharactersRoute.swift */,
			);
			path = Routes;
			sourceTree = "<group>";
		};
		BA2DB6942ABDEA2400CB29C7 = {
			isa = PBXGroup;
			children = (
				BA2DB69F2ABDEA2400CB29C7 /* Marvel Characters */,
				BA2DB6B52ABDEA2500CB29C7 /* Marvel CharactersTests */,
				BA2DB6BF2ABDEA2500CB29C7 /* Marvel CharactersUITests */,
				BA2DB69E2ABDEA2400CB29C7 /* Products */,
			);
			sourceTree = "<group>";
		};
		BA2DB69E2ABDEA2400CB29C7 /* Products */ = {
			isa = PBXGroup;
			children = (
				BA2DB69D2ABDEA2400CB29C7 /* Marvel Characters.app */,
				BA2DB6B22ABDEA2500CB29C7 /* Marvel CharactersTests.xctest */,
				BA2DB6BC2ABDEA2500CB29C7 /* Marvel CharactersUITests.xctest */,
			);
			name = Products;
			sourceTree = "<group>";
		};
		BA2DB69F2ABDEA2400CB29C7 /* Marvel Characters */ = {
			isa = PBXGroup;
			children = (
				BA2DB6CF2ABDEB5B00CB29C7 /* App */,
				BA2DB6D32ABDEB8400CB29C7 /* Presentation */,
				BA2DB6D02ABDEB6400CB29C7 /* Resources */,
				BA2DB6D12ABDEB6D00CB29C7 /* Data */,
				BA2DB6E52ABDF9B100CB29C7 /* Domain */,
				BA2DB6A62ABDEA2500CB29C7 /* Preview Content */,
			);
			path = "Marvel Characters";
			sourceTree = "<group>";
		};
		BA2DB6A62ABDEA2500CB29C7 /* Preview Content */ = {
			isa = PBXGroup;
			children = (
				BA2DB6A72ABDEA2500CB29C7 /* Preview Assets.xcassets */,
			);
			path = "Preview Content";
			sourceTree = "<group>";
		};
		BA2DB6B52ABDEA2500CB29C7 /* Marvel CharactersTests */ = {
			isa = PBXGroup;
			children = (
				BA2DB6EB2ABDFEFF00CB29C7 /* Entities */,
				BA00B9252ABECBCF00FE94BE /* Repositories */,
				BA00B9292ABECCB100FE94BE /* ErrorStub.swift */,
				BA53C48B2ABF317B00F2ED45 /* PersistenceControllerStub.swift */,
			);
			path = "Marvel CharactersTests";
			sourceTree = "<group>";
		};
		BA2DB6BF2ABDEA2500CB29C7 /* Marvel CharactersUITests */ = {
			isa = PBXGroup;
			children = (
				BA2DB6C02ABDEA2500CB29C7 /* Marvel_CharactersUITests.swift */,
				BA2DB6C22ABDEA2500CB29C7 /* Marvel_CharactersUITestsLaunchTests.swift */,
			);
			path = "Marvel CharactersUITests";
			sourceTree = "<group>";
		};
		BA2DB6CF2ABDEB5B00CB29C7 /* App */ = {
			isa = PBXGroup;
			children = (
				BA2DB6A02ABDEA2400CB29C7 /* Marvel_CharactersApp.swift */,
			);
			path = App;
			sourceTree = "<group>";
		};
		BA2DB6D02ABDEB6400CB29C7 /* Resources */ = {
			isa = PBXGroup;
			children = (
				BA2DB6A42ABDEA2500CB29C7 /* Assets.xcassets */,
				BAAF6E972ABEFB2700A3EC29 /* Color.swift */,
			);
			path = Resources;
			sourceTree = "<group>";
		};
		BA2DB6D12ABDEB6D00CB29C7 /* Data */ = {
			isa = PBXGroup;
			children = (
				BA2DB6D22ABDEB7200CB29C7 /* CoreData */,
				BA2DB6D62ABDF30100CB29C7 /* DTO */,
				BA25099C2ABE082E00871222 /* Network */,
				BAB0C3302ABE4C5F00B21345 /* Repositories */,
				BA00B9202ABEC64900FE94BE /* Mappers */,
			);
			path = Data;
			sourceTree = "<group>";
		};
		BA2DB6D22ABDEB7200CB29C7 /* CoreData */ = {
			isa = PBXGroup;
			children = (
				BA2DB6A92ABDEA2500CB29C7 /* Persistence.swift */,
				BA2DB6AB2ABDEA2500CB29C7 /* Marvel_Characters.xcdatamodeld */,
			);
			path = CoreData;
			sourceTree = "<group>";
		};
		BA2DB6D32ABDEB8400CB29C7 /* Presentation */ = {
			isa = PBXGroup;
			children = (
				BABCC27B2ABF88AE0071A0B7 /* Components */,
				BAAF6E862ABED6E300A3EC29 /* Scenes */,
			);
			path = Presentation;
			sourceTree = "<group>";
		};
		BA2DB6D62ABDF30100CB29C7 /* DTO */ = {
			isa = PBXGroup;
			children = (
				BA25099F2ABE08FC00871222 /* Responses */,
				BA2509A22ABE090E00871222 /* Requests */,
			);
			path = DTO;
			sourceTree = "<group>";
		};
		BA2DB6E12ABDF78300CB29C7 /* Generic */ = {
			isa = PBXGroup;
			children = (
				BA2DB6D42ABDF2FD00CB29C7 /* ResponseContainer.swift */,
				BA2DB6D72ABDF3D400CB29C7 /* PaginatedResponse.swift */,
				BAAF6E952ABEEA1F00A3EC29 /* DefaultCodable.swift */,
			);
			path = Generic;
			sourceTree = "<group>";
		};
		BA2DB6E22ABDF7E200CB29C7 /* Character */ = {
			isa = PBXGroup;
			children = (
				BA2DB6D92ABDF4B500CB29C7 /* CharacterDTO.swift */,
				BA2DB6DB2ABDF51100CB29C7 /* Contents.swift */,
			);
			path = Character;
			sourceTree = "<group>";
		};
		BA2DB6E52ABDF9B100CB29C7 /* Domain */ = {
			isa = PBXGroup;
			children = (
				BA2DB6E62ABDF9B600CB29C7 /* Entities */,
				BAB0C32A2ABE457600B21345 /* UseCases */,
				BAB0C32D2ABE4AF800B21345 /* Repositories */,
				BA2509A72ABE0A2100871222 /* MD5Hasher.swift */,
			);
			path = Domain;
			sourceTree = "<group>";
		};
		BA2DB6E62ABDF9B600CB29C7 /* Entities */ = {
			isa = PBXGroup;
			children = (
				BA2DB6E32ABDF9AE00CB29C7 /* Character.swift */,
				BA2DB6E92ABDFCC000CB29C7 /* AdditionalLink.swift */,
				BA4D15312AC024E800465C0D /* PhotoCache.swift */,
			);
			path = Entities;
			sourceTree = "<group>";
		};
		BA2DB6EB2ABDFEFF00CB29C7 /* Entities */ = {
			isa = PBXGroup;
			children = (
				BA2DB6EE2ABE02CA00CB29C7 /* Character */,
			);
			path = Entities;
			sourceTree = "<group>";
		};
		BA2DB6EE2ABE02CA00CB29C7 /* Character */ = {
			isa = PBXGroup;
			children = (
				BA2DB6EC2ABDFF5400CB29C7 /* CharacterEntityMockFactory.swift */,
			);
			path = Character;
			sourceTree = "<group>";
		};
		BA4D15352AC0263E00465C0D /* PhotoLoading */ = {
			isa = PBXGroup;
			children = (
				BA4D15332AC0251B00465C0D /* PhotoLoader.swift */,
				BA4D15362AC0283700465C0D /* RemotePhotoView.swift */,
				BA4D15382AC029DD00465C0D /* RemoteImageView.swift */,
			);
			path = PhotoLoading;
			sourceTree = "<group>";
		};
		BA4D153C2AC037EE00465C0D /* Cells */ = {
			isa = PBXGroup;
			children = (
				BAAF6E922ABEE0B900A3EC29 /* CharacterTableViewCell */,
				BA4D153D2AC0380700465C0D /* PaginationLoadingTableViewCell.swift */,
			);
			path = Cells;
			sourceTree = "<group>";
		};
		BA53C4892ABF2DA900F2ED45 /* Sources */ = {
			isa = PBXGroup;
			children = (
				BA00B9272ABECC3700FE94BE /* CharactersRemoteSourceStub.swift */,
				BA00B92B2ABECE1E00FE94BE /* CharactersLocalSourceStub.swift */,
			);
			path = Sources;
			sourceTree = "<group>";
		};
		BA53C48A2ABF2DB900F2ED45 /* Sources */ = {
			isa = PBXGroup;
			children = (
				BA53C4872ABF2D8500F2ED45 /* CharacterDatabaseTests.swift */,
			);
			path = Sources;
			sourceTree = "<group>";
		};
		BAAF6E852ABED6D700A3EC29 /* CharactersListViewController */ = {
			isa = PBXGroup;
			children = (
				BA4D153C2AC037EE00465C0D /* Cells */,
				BAAF6E892ABED93300A3EC29 /* View */,
			);
			path = CharactersListViewController;
			sourceTree = "<group>";
		};
		BAAF6E862ABED6E300A3EC29 /* Scenes */ = {
			isa = PBXGroup;
			children = (
				BABCC2812ABF90BA0071A0B7 /* Home */,
			);
			path = Scenes;
			sourceTree = "<group>";
		};
		BAAF6E892ABED93300A3EC29 /* View */ = {
			isa = PBXGroup;
			children = (
				BAAF6E812ABED6D100A3EC29 /* CharactersListViewController.swift */,
				BAAF6E8A2ABED9D700A3EC29 /* CharactersListViewWrapper.swift */,
				BAAF6E822ABED6D100A3EC29 /* CharactersListViewController.xib */,
			);
			path = View;
			sourceTree = "<group>";
		};
		BAAF6E922ABEE0B900A3EC29 /* CharacterTableViewCell */ = {
			isa = PBXGroup;
			children = (
				BAAF6E902ABEE0B600A3EC29 /* CharacterTableViewCell.swift */,
				BAAF6E932ABEE16500A3EC29 /* CharacterTableCellViewModel.swift */,
			);
			path = CharacterTableViewCell;
			sourceTree = "<group>";
		};
		BAB0C32A2ABE457600B21345 /* UseCases */ = {
			isa = PBXGroup;
			children = (
				BAB0C3282ABE457100B21345 /* FetchCharactersUseCase.swift */,
			);
			path = UseCases;
			sourceTree = "<group>";
		};
		BAB0C32D2ABE4AF800B21345 /* Repositories */ = {
			isa = PBXGroup;
			children = (
				BAB0C32B2ABE4AF600B21345 /* CharactersSource.swift */,
			);
			path = Repositories;
			sourceTree = "<group>";
		};
		BAB0C3302ABE4C5F00B21345 /* Repositories */ = {
			isa = PBXGroup;
			children = (
				BAB0C3332ABE4CA700B21345 /* Sources */,
				BAB0C32E2ABE4C5C00B21345 /* CharactersRepository.swift */,
			);
			path = Repositories;
			sourceTree = "<group>";
		};
		BAB0C3332ABE4CA700B21345 /* Sources */ = {
			isa = PBXGroup;
			children = (
				BA00B91A2ABEC33C00FE94BE /* Characters */,
			);
			path = Sources;
			sourceTree = "<group>";
		};
		BABCC27B2ABF88AE0071A0B7 /* Components */ = {
			isa = PBXGroup;
			children = (
				BABCC27E2ABF89040071A0B7 /* CarouselView */,
				BA4D15352AC0263E00465C0D /* PhotoLoading */,
			);
			path = Components;
			sourceTree = "<group>";
		};
		BABCC27E2ABF89040071A0B7 /* CarouselView */ = {
			isa = PBXGroup;
			children = (
				BABCC2792ABF84CD0071A0B7 /* ScrollCarouselView.swift */,
				BABCC27C2ABF88CC0071A0B7 /* ScrollViewExtensions.swift */,
				BABCC27F2ABF890E0071A0B7 /* ViewOffsetPrefrenceKey.swift */,
			);
			path = CarouselView;
			sourceTree = "<group>";
		};
		BABCC2812ABF90BA0071A0B7 /* Home */ = {
			isa = PBXGroup;
			children = (
				BAAF6E852ABED6D700A3EC29 /* CharactersListViewController */,
				BACA1D672ABF7F9200AECAB5 /* DiscoverView */,
				BABCC2822ABF91C10071A0B7 /* HomeView.swift */,
				BAAF6E872ABED92D00A3EC29 /* HomeViewModel.swift */,
				BA4D153A2AC0317200465C0D /* ViewStates.swift */,
				BABCC2842ABF91CB0071A0B7 /* HomeViewFactory.swift */,
			);
			path = Home;
			sourceTree = "<group>";
		};
		BACA1D672ABF7F9200AECAB5 /* DiscoverView */ = {
			isa = PBXGroup;
			children = (
				BACA1D652ABF7F8E00AECAB5 /* DicoverView.swift */,
			);
			path = DiscoverView;
			sourceTree = "<group>";
		};
/* End PBXGroup section */

/* Begin PBXNativeTarget section */
		BA2DB69C2ABDEA2400CB29C7 /* Marvel Characters */ = {
			isa = PBXNativeTarget;
			buildConfigurationList = BA2DB6C62ABDEA2500CB29C7 /* Build configuration list for PBXNativeTarget "Marvel Characters" */;
			buildPhases = (
				BA2DB6992ABDEA2400CB29C7 /* Sources */,
				BA2DB69A2ABDEA2400CB29C7 /* Frameworks */,
				BA2DB69B2ABDEA2400CB29C7 /* Resources */,
			);
			buildRules = (
			);
			dependencies = (
			);
			name = "Marvel Characters";
			packageProductDependencies = (
				BA2509982ABE081500871222 /* NetworkUI */,
				BAAF6E9A2ABF02CE00A3EC29 /* SkeletonView */,
				BA04934C2ABF04F90045EB0A /* DataStruct */,
			);
			productName = "Marvel Characters";
			productReference = BA2DB69D2ABDEA2400CB29C7 /* Marvel Characters.app */;
			productType = "com.apple.product-type.application";
		};
		BA2DB6B12ABDEA2500CB29C7 /* Marvel CharactersTests */ = {
			isa = PBXNativeTarget;
			buildConfigurationList = BA2DB6C92ABDEA2500CB29C7 /* Build configuration list for PBXNativeTarget "Marvel CharactersTests" */;
			buildPhases = (
				BA2DB6AE2ABDEA2500CB29C7 /* Sources */,
				BA2DB6AF2ABDEA2500CB29C7 /* Frameworks */,
				BA2DB6B02ABDEA2500CB29C7 /* Resources */,
			);
			buildRules = (
			);
			dependencies = (
				BA2DB6B42ABDEA2500CB29C7 /* PBXTargetDependency */,
			);
			name = "Marvel CharactersTests";
			productName = "Marvel CharactersTests";
			productReference = BA2DB6B22ABDEA2500CB29C7 /* Marvel CharactersTests.xctest */;
			productType = "com.apple.product-type.bundle.unit-test";
		};
		BA2DB6BB2ABDEA2500CB29C7 /* Marvel CharactersUITests */ = {
			isa = PBXNativeTarget;
			buildConfigurationList = BA2DB6CC2ABDEA2500CB29C7 /* Build configuration list for PBXNativeTarget "Marvel CharactersUITests" */;
			buildPhases = (
				BA2DB6B82ABDEA2500CB29C7 /* Sources */,
				BA2DB6B92ABDEA2500CB29C7 /* Frameworks */,
				BA2DB6BA2ABDEA2500CB29C7 /* Resources */,
			);
			buildRules = (
			);
			dependencies = (
				BA2DB6BE2ABDEA2500CB29C7 /* PBXTargetDependency */,
			);
			name = "Marvel CharactersUITests";
			productName = "Marvel CharactersUITests";
			productReference = BA2DB6BC2ABDEA2500CB29C7 /* Marvel CharactersUITests.xctest */;
			productType = "com.apple.product-type.bundle.ui-testing";
		};
/* End PBXNativeTarget section */

/* Begin PBXProject section */
		BA2DB6952ABDEA2400CB29C7 /* Project object */ = {
			isa = PBXProject;
			attributes = {
				BuildIndependentTargetsInParallel = 1;
				LastSwiftUpdateCheck = 1430;
				LastUpgradeCheck = 1430;
				TargetAttributes = {
					BA2DB69C2ABDEA2400CB29C7 = {
						CreatedOnToolsVersion = 14.3.1;
					};
					BA2DB6B12ABDEA2500CB29C7 = {
						CreatedOnToolsVersion = 14.3.1;
						TestTargetID = BA2DB69C2ABDEA2400CB29C7;
					};
					BA2DB6BB2ABDEA2500CB29C7 = {
						CreatedOnToolsVersion = 14.3.1;
						TestTargetID = BA2DB69C2ABDEA2400CB29C7;
					};
				};
			};
			buildConfigurationList = BA2DB6982ABDEA2400CB29C7 /* Build configuration list for PBXProject "Marvel Characters" */;
			compatibilityVersion = "Xcode 14.0";
			developmentRegion = en;
			hasScannedForEncodings = 0;
			knownRegions = (
				en,
				Base,
			);
			mainGroup = BA2DB6942ABDEA2400CB29C7;
			packageReferences = (
				BA2509972ABE081500871222 /* XCRemoteSwiftPackageReference "NetworkUI" */,
				BAAF6E992ABF02CE00A3EC29 /* XCRemoteSwiftPackageReference "SkeletonView" */,
				BA04934B2ABF04F90045EB0A /* XCRemoteSwiftPackageReference "DataStruct" */,
			);
			productRefGroup = BA2DB69E2ABDEA2400CB29C7 /* Products */;
			projectDirPath = "";
			projectRoot = "";
			targets = (
				BA2DB69C2ABDEA2400CB29C7 /* Marvel Characters */,
				BA2DB6B12ABDEA2500CB29C7 /* Marvel CharactersTests */,
				BA2DB6BB2ABDEA2500CB29C7 /* Marvel CharactersUITests */,
			);
		};
/* End PBXProject section */

/* Begin PBXResourcesBuildPhase section */
		BA2DB69B2ABDEA2400CB29C7 /* Resources */ = {
			isa = PBXResourcesBuildPhase;
			buildActionMask = 2147483647;
			files = (
				BA2DB6A82ABDEA2500CB29C7 /* Preview Assets.xcassets in Resources */,
				BAAF6E842ABED6D100A3EC29 /* CharactersListViewController.xib in Resources */,
				BA2DB6A52ABDEA2500CB29C7 /* Assets.xcassets in Resources */,
			);
			runOnlyForDeploymentPostprocessing = 0;
		};
		BA2DB6B02ABDEA2500CB29C7 /* Resources */ = {
			isa = PBXResourcesBuildPhase;
			buildActionMask = 2147483647;
			files = (
			);
			runOnlyForDeploymentPostprocessing = 0;
		};
		BA2DB6BA2ABDEA2500CB29C7 /* Resources */ = {
			isa = PBXResourcesBuildPhase;
			buildActionMask = 2147483647;
			files = (
			);
			runOnlyForDeploymentPostprocessing = 0;
		};
/* End PBXResourcesBuildPhase section */

/* Begin PBXSourcesBuildPhase section */
		BA2DB6992ABDEA2400CB29C7 /* Sources */ = {
			isa = PBXSourcesBuildPhase;
			buildActionMask = 2147483647;
			files = (
				BAAF6E832ABED6D100A3EC29 /* CharactersListViewController.swift in Sources */,
				BA4D15372AC0283700465C0D /* RemotePhotoView.swift in Sources */,
				BAB0C3292ABE457100B21345 /* FetchCharactersUseCase.swift in Sources */,
				BA4D15392AC029DD00465C0D /* RemoteImageView.swift in Sources */,
				BAAF6E962ABEEA1F00A3EC29 /* DefaultCodable.swift in Sources */,
				BAB0C32C2ABE4AF600B21345 /* CharactersSource.swift in Sources */,
				BA2DB6D52ABDF2FD00CB29C7 /* ResponseContainer.swift in Sources */,
				BAAF6E982ABEFB2700A3EC29 /* Color.swift in Sources */,
				BA2DB6EA2ABDFCC000CB29C7 /* AdditionalLink.swift in Sources */,
				BA2DB6E02ABDF74E00CB29C7 /* URLItemDTO.swift in Sources */,
				BACA1D662ABF7F8E00AECAB5 /* DicoverView.swift in Sources */,
				BABCC2832ABF91C10071A0B7 /* HomeView.swift in Sources */,
				BA4D153B2AC0317200465C0D /* ViewStates.swift in Sources */,
				BA2DB6E42ABDF9AE00CB29C7 /* Character.swift in Sources */,
				BAAF6E942ABEE16500A3EC29 /* CharacterTableCellViewModel.swift in Sources */,
				BAB0C3322ABE4C9A00B21345 /* CharactersRemoteSource.swift in Sources */,
				BA2509A62ABE097F00871222 /* AuthenticationParameters.swift in Sources */,
				BAAF6E882ABED92D00A3EC29 /* HomeViewModel.swift in Sources */,
				BA4D15322AC024E800465C0D /* PhotoCache.swift in Sources */,
				BABCC27D2ABF88CC0071A0B7 /* ScrollViewExtensions.swift in Sources */,
				BA25099E2ABE088300871222 /* CharactersRoute.swift in Sources */,
				BA2DB6AD2ABDEA2500CB29C7 /* Marvel_Characters.xcdatamodeld in Sources */,
				BABCC2802ABF890E0071A0B7 /* ViewOffsetPrefrenceKey.swift in Sources */,
				BA2DB6D82ABDF3D400CB29C7 /* PaginatedResponse.swift in Sources */,
				BA2DB6DE2ABDF6C300CB29C7 /* ThumbnailDTO.swift in Sources */,
				BA4D15342AC0251B00465C0D /* PhotoLoader.swift in Sources */,
				BAAF6E8B2ABED9D700A3EC29 /* CharactersListViewWrapper.swift in Sources */,
				BA2509A12ABE090B00871222 /* CharactersParameters.swift in Sources */,
				BA2DB6DA2ABDF4B500CB29C7 /* CharacterDTO.swift in Sources */,
				BA2DB6AA2ABDEA2500CB29C7 /* Persistence.swift in Sources */,
				BAB0C3352ABE4CF500B21345 /* CharactersLocalSource.swift in Sources */,
				BABCC2852ABF91CB0071A0B7 /* HomeViewFactory.swift in Sources */,
				BABCC27A2ABF84CD0071A0B7 /* ScrollCarouselView.swift in Sources */,
				BA2509A42ABE097600871222 /* AuthenticationParametersFactory.swift in Sources */,
				BA00B91F2ABEC64600FE94BE /* CharacterMapper.swift in Sources */,
				BA4D153E2AC0380700465C0D /* PaginationLoadingTableViewCell.swift in Sources */,
				BAAF6E912ABEE0B600A3EC29 /* CharacterTableViewCell.swift in Sources */,
				BA2DB6DC2ABDF51100CB29C7 /* Contents.swift in Sources */,
				BA00B9222ABEC74300FE94BE /* AdditionalLinkMapper.swift in Sources */,
				BA2509A82ABE0A2100871222 /* MD5Hasher.swift in Sources */,
				BA25099B2ABE082700871222 /* NetworkConfigs.swift in Sources */,
				BAB0C32F2ABE4C5C00B21345 /* CharactersRepository.swift in Sources */,
				BA2DB6A12ABDEA2400CB29C7 /* Marvel_CharactersApp.swift in Sources */,
				BA20A7E62AC0480C00D09330 /* ContentDTO.swift in Sources */,
			);
			runOnlyForDeploymentPostprocessing = 0;
		};
		BA2DB6AE2ABDEA2500CB29C7 /* Sources */ = {
			isa = PBXSourcesBuildPhase;
			buildActionMask = 2147483647;
			files = (
				BA53C48C2ABF317B00F2ED45 /* PersistenceControllerStub.swift in Sources */,
				BA00B9242ABECBCD00FE94BE /* CharactersRepositoryTests.swift in Sources */,
				BA2DB6ED2ABDFF5400CB29C7 /* CharacterEntityMockFactory.swift in Sources */,
				BA00B92C2ABECE1E00FE94BE /* CharactersLocalSourceStub.swift in Sources */,
				BA00B92A2ABECCB100FE94BE /* ErrorStub.swift in Sources */,
				BA53C4882ABF2D8500F2ED45 /* CharacterDatabaseTests.swift in Sources */,
				BA00B9282ABECC3700FE94BE /* CharactersRemoteSourceStub.swift in Sources */,
			);
			runOnlyForDeploymentPostprocessing = 0;
		};
		BA2DB6B82ABDEA2500CB29C7 /* Sources */ = {
			isa = PBXSourcesBuildPhase;
			buildActionMask = 2147483647;
			files = (
				BA2DB6C12ABDEA2500CB29C7 /* Marvel_CharactersUITests.swift in Sources */,
				BA2DB6C32ABDEA2500CB29C7 /* Marvel_CharactersUITestsLaunchTests.swift in Sources */,
			);
			runOnlyForDeploymentPostprocessing = 0;
		};
/* End PBXSourcesBuildPhase section */

/* Begin PBXTargetDependency section */
		BA2DB6B42ABDEA2500CB29C7 /* PBXTargetDependency */ = {
			isa = PBXTargetDependency;
			target = BA2DB69C2ABDEA2400CB29C7 /* Marvel Characters */;
			targetProxy = BA2DB6B32ABDEA2500CB29C7 /* PBXContainerItemProxy */;
		};
		BA2DB6BE2ABDEA2500CB29C7 /* PBXTargetDependency */ = {
			isa = PBXTargetDependency;
			target = BA2DB69C2ABDEA2400CB29C7 /* Marvel Characters */;
			targetProxy = BA2DB6BD2ABDEA2500CB29C7 /* PBXContainerItemProxy */;
		};
/* End PBXTargetDependency section */

/* Begin XCBuildConfiguration section */
		BA2DB6C42ABDEA2500CB29C7 /* Debug */ = {
			isa = XCBuildConfiguration;
			buildSettings = {
				ALWAYS_SEARCH_USER_PATHS = NO;
				CLANG_ANALYZER_NONNULL = YES;
				CLANG_ANALYZER_NUMBER_OBJECT_CONVERSION = YES_AGGRESSIVE;
				CLANG_CXX_LANGUAGE_STANDARD = "gnu++20";
				CLANG_ENABLE_MODULES = YES;
				CLANG_ENABLE_OBJC_ARC = YES;
				CLANG_ENABLE_OBJC_WEAK = YES;
				CLANG_WARN_BLOCK_CAPTURE_AUTORELEASING = YES;
				CLANG_WARN_BOOL_CONVERSION = YES;
				CLANG_WARN_COMMA = YES;
				CLANG_WARN_CONSTANT_CONVERSION = YES;
				CLANG_WARN_DEPRECATED_OBJC_IMPLEMENTATIONS = YES;
				CLANG_WARN_DIRECT_OBJC_ISA_USAGE = YES_ERROR;
				CLANG_WARN_DOCUMENTATION_COMMENTS = YES;
				CLANG_WARN_EMPTY_BODY = YES;
				CLANG_WARN_ENUM_CONVERSION = YES;
				CLANG_WARN_INFINITE_RECURSION = YES;
				CLANG_WARN_INT_CONVERSION = YES;
				CLANG_WARN_NON_LITERAL_NULL_CONVERSION = YES;
				CLANG_WARN_OBJC_IMPLICIT_RETAIN_SELF = YES;
				CLANG_WARN_OBJC_LITERAL_CONVERSION = YES;
				CLANG_WARN_OBJC_ROOT_CLASS = YES_ERROR;
				CLANG_WARN_QUOTED_INCLUDE_IN_FRAMEWORK_HEADER = YES;
				CLANG_WARN_RANGE_LOOP_ANALYSIS = YES;
				CLANG_WARN_STRICT_PROTOTYPES = YES;
				CLANG_WARN_SUSPICIOUS_MOVE = YES;
				CLANG_WARN_UNGUARDED_AVAILABILITY = YES_AGGRESSIVE;
				CLANG_WARN_UNREACHABLE_CODE = YES;
				CLANG_WARN__DUPLICATE_METHOD_MATCH = YES;
				COPY_PHASE_STRIP = NO;
				DEBUG_INFORMATION_FORMAT = dwarf;
				ENABLE_STRICT_OBJC_MSGSEND = YES;
				ENABLE_TESTABILITY = YES;
				GCC_C_LANGUAGE_STANDARD = gnu11;
				GCC_DYNAMIC_NO_PIC = NO;
				GCC_NO_COMMON_BLOCKS = YES;
				GCC_OPTIMIZATION_LEVEL = 0;
				GCC_PREPROCESSOR_DEFINITIONS = (
					"DEBUG=1",
					"$(inherited)",
				);
				GCC_WARN_64_TO_32_BIT_CONVERSION = YES;
				GCC_WARN_ABOUT_RETURN_TYPE = YES_ERROR;
				GCC_WARN_UNDECLARED_SELECTOR = YES;
				GCC_WARN_UNINITIALIZED_AUTOS = YES_AGGRESSIVE;
				GCC_WARN_UNUSED_FUNCTION = YES;
				GCC_WARN_UNUSED_VARIABLE = YES;
				IPHONEOS_DEPLOYMENT_TARGET = 16.4;
				MTL_ENABLE_DEBUG_INFO = INCLUDE_SOURCE;
				MTL_FAST_MATH = YES;
				ONLY_ACTIVE_ARCH = YES;
				SDKROOT = iphoneos;
				SWIFT_ACTIVE_COMPILATION_CONDITIONS = DEBUG;
				SWIFT_OPTIMIZATION_LEVEL = "-Onone";
			};
			name = Debug;
		};
		BA2DB6C52ABDEA2500CB29C7 /* Release */ = {
			isa = XCBuildConfiguration;
			buildSettings = {
				ALWAYS_SEARCH_USER_PATHS = NO;
				CLANG_ANALYZER_NONNULL = YES;
				CLANG_ANALYZER_NUMBER_OBJECT_CONVERSION = YES_AGGRESSIVE;
				CLANG_CXX_LANGUAGE_STANDARD = "gnu++20";
				CLANG_ENABLE_MODULES = YES;
				CLANG_ENABLE_OBJC_ARC = YES;
				CLANG_ENABLE_OBJC_WEAK = YES;
				CLANG_WARN_BLOCK_CAPTURE_AUTORELEASING = YES;
				CLANG_WARN_BOOL_CONVERSION = YES;
				CLANG_WARN_COMMA = YES;
				CLANG_WARN_CONSTANT_CONVERSION = YES;
				CLANG_WARN_DEPRECATED_OBJC_IMPLEMENTATIONS = YES;
				CLANG_WARN_DIRECT_OBJC_ISA_USAGE = YES_ERROR;
				CLANG_WARN_DOCUMENTATION_COMMENTS = YES;
				CLANG_WARN_EMPTY_BODY = YES;
				CLANG_WARN_ENUM_CONVERSION = YES;
				CLANG_WARN_INFINITE_RECURSION = YES;
				CLANG_WARN_INT_CONVERSION = YES;
				CLANG_WARN_NON_LITERAL_NULL_CONVERSION = YES;
				CLANG_WARN_OBJC_IMPLICIT_RETAIN_SELF = YES;
				CLANG_WARN_OBJC_LITERAL_CONVERSION = YES;
				CLANG_WARN_OBJC_ROOT_CLASS = YES_ERROR;
				CLANG_WARN_QUOTED_INCLUDE_IN_FRAMEWORK_HEADER = YES;
				CLANG_WARN_RANGE_LOOP_ANALYSIS = YES;
				CLANG_WARN_STRICT_PROTOTYPES = YES;
				CLANG_WARN_SUSPICIOUS_MOVE = YES;
				CLANG_WARN_UNGUARDED_AVAILABILITY = YES_AGGRESSIVE;
				CLANG_WARN_UNREACHABLE_CODE = YES;
				CLANG_WARN__DUPLICATE_METHOD_MATCH = YES;
				COPY_PHASE_STRIP = NO;
				DEBUG_INFORMATION_FORMAT = "dwarf-with-dsym";
				ENABLE_NS_ASSERTIONS = NO;
				ENABLE_STRICT_OBJC_MSGSEND = YES;
				GCC_C_LANGUAGE_STANDARD = gnu11;
				GCC_NO_COMMON_BLOCKS = YES;
				GCC_WARN_64_TO_32_BIT_CONVERSION = YES;
				GCC_WARN_ABOUT_RETURN_TYPE = YES_ERROR;
				GCC_WARN_UNDECLARED_SELECTOR = YES;
				GCC_WARN_UNINITIALIZED_AUTOS = YES_AGGRESSIVE;
				GCC_WARN_UNUSED_FUNCTION = YES;
				GCC_WARN_UNUSED_VARIABLE = YES;
				IPHONEOS_DEPLOYMENT_TARGET = 16.4;
				MTL_ENABLE_DEBUG_INFO = NO;
				MTL_FAST_MATH = YES;
				SDKROOT = iphoneos;
				SWIFT_COMPILATION_MODE = wholemodule;
				SWIFT_OPTIMIZATION_LEVEL = "-O";
				VALIDATE_PRODUCT = YES;
			};
			name = Release;
		};
		BA2DB6C72ABDEA2500CB29C7 /* Debug */ = {
			isa = XCBuildConfiguration;
			buildSettings = {
				ASSETCATALOG_COMPILER_APPICON_NAME = AppIcon;
				ASSETCATALOG_COMPILER_GLOBAL_ACCENT_COLOR_NAME = AccentColor;
				CODE_SIGN_STYLE = Automatic;
				CURRENT_PROJECT_VERSION = 1;
				DEVELOPMENT_ASSET_PATHS = "\"Marvel Characters/Preview Content\"";
				DEVELOPMENT_TEAM = R3X48TCM9D;
				ENABLE_PREVIEWS = YES;
				GENERATE_INFOPLIST_FILE = YES;
				INFOPLIST_KEY_UIApplicationSceneManifest_Generation = YES;
				INFOPLIST_KEY_UIApplicationSupportsIndirectInputEvents = YES;
				INFOPLIST_KEY_UILaunchScreen_Generation = YES;
				INFOPLIST_KEY_UISupportedInterfaceOrientations_iPad = "UIInterfaceOrientationPortrait UIInterfaceOrientationPortraitUpsideDown UIInterfaceOrientationLandscapeLeft UIInterfaceOrientationLandscapeRight";
				INFOPLIST_KEY_UISupportedInterfaceOrientations_iPhone = "UIInterfaceOrientationPortrait UIInterfaceOrientationLandscapeLeft UIInterfaceOrientationLandscapeRight";
				LD_RUNPATH_SEARCH_PATHS = (
					"$(inherited)",
					"@executable_path/Frameworks",
				);
				MARKETING_VERSION = 1.0;
				PRODUCT_BUNDLE_IDENTIFIER = "dev.buildexperience.Marvel-Characters";
				PRODUCT_NAME = "$(TARGET_NAME)";
				SWIFT_EMIT_LOC_STRINGS = YES;
				SWIFT_VERSION = 5.0;
				TARGETED_DEVICE_FAMILY = "1,2";
			};
			name = Debug;
		};
		BA2DB6C82ABDEA2500CB29C7 /* Release */ = {
			isa = XCBuildConfiguration;
			buildSettings = {
				ASSETCATALOG_COMPILER_APPICON_NAME = AppIcon;
				ASSETCATALOG_COMPILER_GLOBAL_ACCENT_COLOR_NAME = AccentColor;
				CODE_SIGN_STYLE = Automatic;
				CURRENT_PROJECT_VERSION = 1;
				DEVELOPMENT_ASSET_PATHS = "\"Marvel Characters/Preview Content\"";
				DEVELOPMENT_TEAM = R3X48TCM9D;
				ENABLE_PREVIEWS = YES;
				GENERATE_INFOPLIST_FILE = YES;
				INFOPLIST_KEY_UIApplicationSceneManifest_Generation = YES;
				INFOPLIST_KEY_UIApplicationSupportsIndirectInputEvents = YES;
				INFOPLIST_KEY_UILaunchScreen_Generation = YES;
				INFOPLIST_KEY_UISupportedInterfaceOrientations_iPad = "UIInterfaceOrientationPortrait UIInterfaceOrientationPortraitUpsideDown UIInterfaceOrientationLandscapeLeft UIInterfaceOrientationLandscapeRight";
				INFOPLIST_KEY_UISupportedInterfaceOrientations_iPhone = "UIInterfaceOrientationPortrait UIInterfaceOrientationLandscapeLeft UIInterfaceOrientationLandscapeRight";
				LD_RUNPATH_SEARCH_PATHS = (
					"$(inherited)",
					"@executable_path/Frameworks",
				);
				MARKETING_VERSION = 1.0;
				PRODUCT_BUNDLE_IDENTIFIER = "dev.buildexperience.Marvel-Characters";
				PRODUCT_NAME = "$(TARGET_NAME)";
				SWIFT_EMIT_LOC_STRINGS = YES;
				SWIFT_VERSION = 5.0;
				TARGETED_DEVICE_FAMILY = "1,2";
			};
			name = Release;
		};
		BA2DB6CA2ABDEA2500CB29C7 /* Debug */ = {
			isa = XCBuildConfiguration;
			buildSettings = {
				ALWAYS_EMBED_SWIFT_STANDARD_LIBRARIES = YES;
				BUNDLE_LOADER = "$(TEST_HOST)";
				CODE_SIGN_STYLE = Automatic;
				CURRENT_PROJECT_VERSION = 1;
				DEVELOPMENT_TEAM = R3X48TCM9D;
				GENERATE_INFOPLIST_FILE = YES;
				IPHONEOS_DEPLOYMENT_TARGET = 16.4;
				MARKETING_VERSION = 1.0;
				PRODUCT_BUNDLE_IDENTIFIER = "dev.buildexperience.Marvel-CharactersTests";
				PRODUCT_NAME = "$(TARGET_NAME)";
				SWIFT_EMIT_LOC_STRINGS = NO;
				SWIFT_VERSION = 5.0;
				TARGETED_DEVICE_FAMILY = "1,2";
				TEST_HOST = "$(BUILT_PRODUCTS_DIR)/Marvel Characters.app/$(BUNDLE_EXECUTABLE_FOLDER_PATH)/Marvel Characters";
			};
			name = Debug;
		};
		BA2DB6CB2ABDEA2500CB29C7 /* Release */ = {
			isa = XCBuildConfiguration;
			buildSettings = {
				ALWAYS_EMBED_SWIFT_STANDARD_LIBRARIES = YES;
				BUNDLE_LOADER = "$(TEST_HOST)";
				CODE_SIGN_STYLE = Automatic;
				CURRENT_PROJECT_VERSION = 1;
				DEVELOPMENT_TEAM = R3X48TCM9D;
				GENERATE_INFOPLIST_FILE = YES;
				IPHONEOS_DEPLOYMENT_TARGET = 16.4;
				MARKETING_VERSION = 1.0;
				PRODUCT_BUNDLE_IDENTIFIER = "dev.buildexperience.Marvel-CharactersTests";
				PRODUCT_NAME = "$(TARGET_NAME)";
				SWIFT_EMIT_LOC_STRINGS = NO;
				SWIFT_VERSION = 5.0;
				TARGETED_DEVICE_FAMILY = "1,2";
				TEST_HOST = "$(BUILT_PRODUCTS_DIR)/Marvel Characters.app/$(BUNDLE_EXECUTABLE_FOLDER_PATH)/Marvel Characters";
			};
			name = Release;
		};
		BA2DB6CD2ABDEA2500CB29C7 /* Debug */ = {
			isa = XCBuildConfiguration;
			buildSettings = {
				ALWAYS_EMBED_SWIFT_STANDARD_LIBRARIES = YES;
				CODE_SIGN_STYLE = Automatic;
				CURRENT_PROJECT_VERSION = 1;
				DEVELOPMENT_TEAM = R3X48TCM9D;
				GENERATE_INFOPLIST_FILE = YES;
				MARKETING_VERSION = 1.0;
				PRODUCT_BUNDLE_IDENTIFIER = "dev.buildexperience.Marvel-CharactersUITests";
				PRODUCT_NAME = "$(TARGET_NAME)";
				SWIFT_EMIT_LOC_STRINGS = NO;
				SWIFT_VERSION = 5.0;
				TARGETED_DEVICE_FAMILY = "1,2";
				TEST_TARGET_NAME = "Marvel Characters";
			};
			name = Debug;
		};
		BA2DB6CE2ABDEA2500CB29C7 /* Release */ = {
			isa = XCBuildConfiguration;
			buildSettings = {
				ALWAYS_EMBED_SWIFT_STANDARD_LIBRARIES = YES;
				CODE_SIGN_STYLE = Automatic;
				CURRENT_PROJECT_VERSION = 1;
				DEVELOPMENT_TEAM = R3X48TCM9D;
				GENERATE_INFOPLIST_FILE = YES;
				MARKETING_VERSION = 1.0;
				PRODUCT_BUNDLE_IDENTIFIER = "dev.buildexperience.Marvel-CharactersUITests";
				PRODUCT_NAME = "$(TARGET_NAME)";
				SWIFT_EMIT_LOC_STRINGS = NO;
				SWIFT_VERSION = 5.0;
				TARGETED_DEVICE_FAMILY = "1,2";
				TEST_TARGET_NAME = "Marvel Characters";
			};
			name = Release;
		};
/* End XCBuildConfiguration section */

/* Begin XCConfigurationList section */
		BA2DB6982ABDEA2400CB29C7 /* Build configuration list for PBXProject "Marvel Characters" */ = {
			isa = XCConfigurationList;
			buildConfigurations = (
				BA2DB6C42ABDEA2500CB29C7 /* Debug */,
				BA2DB6C52ABDEA2500CB29C7 /* Release */,
			);
			defaultConfigurationIsVisible = 0;
			defaultConfigurationName = Release;
		};
		BA2DB6C62ABDEA2500CB29C7 /* Build configuration list for PBXNativeTarget "Marvel Characters" */ = {
			isa = XCConfigurationList;
			buildConfigurations = (
				BA2DB6C72ABDEA2500CB29C7 /* Debug */,
				BA2DB6C82ABDEA2500CB29C7 /* Release */,
			);
			defaultConfigurationIsVisible = 0;
			defaultConfigurationName = Release;
		};
		BA2DB6C92ABDEA2500CB29C7 /* Build configuration list for PBXNativeTarget "Marvel CharactersTests" */ = {
			isa = XCConfigurationList;
			buildConfigurations = (
				BA2DB6CA2ABDEA2500CB29C7 /* Debug */,
				BA2DB6CB2ABDEA2500CB29C7 /* Release */,
			);
			defaultConfigurationIsVisible = 0;
			defaultConfigurationName = Release;
		};
		BA2DB6CC2ABDEA2500CB29C7 /* Build configuration list for PBXNativeTarget "Marvel CharactersUITests" */ = {
			isa = XCConfigurationList;
			buildConfigurations = (
				BA2DB6CD2ABDEA2500CB29C7 /* Debug */,
				BA2DB6CE2ABDEA2500CB29C7 /* Release */,
			);
			defaultConfigurationIsVisible = 0;
			defaultConfigurationName = Release;
		};
/* End XCConfigurationList section */

/* Begin XCRemoteSwiftPackageReference section */
		BA04934B2ABF04F90045EB0A /* XCRemoteSwiftPackageReference "DataStruct" */ = {
			isa = XCRemoteSwiftPackageReference;
			repositoryURL = "https://github.com/TimmysApp/DataStruct";
			requirement = {
				branch = master;
				kind = branch;
			};
		};
		BA2509972ABE081500871222 /* XCRemoteSwiftPackageReference "NetworkUI" */ = {
			isa = XCRemoteSwiftPackageReference;
			repositoryURL = "https://github.com/TimmysApp/NetworkUI";
			requirement = {
				branch = master;
				kind = branch;
			};
		};
		BAAF6E992ABF02CE00A3EC29 /* XCRemoteSwiftPackageReference "SkeletonView" */ = {
			isa = XCRemoteSwiftPackageReference;
			repositoryURL = "https://github.com/Juanpe/SkeletonView";
			requirement = {
				kind = upToNextMajorVersion;
				minimumVersion = 1.0.0;
			};
		};
/* End XCRemoteSwiftPackageReference section */

/* Begin XCSwiftPackageProductDependency section */
		BA04934C2ABF04F90045EB0A /* DataStruct */ = {
			isa = XCSwiftPackageProductDependency;
			package = BA04934B2ABF04F90045EB0A /* XCRemoteSwiftPackageReference "DataStruct" */;
			productName = DataStruct;
		};
		BA2509982ABE081500871222 /* NetworkUI */ = {
			isa = XCSwiftPackageProductDependency;
			package = BA2509972ABE081500871222 /* XCRemoteSwiftPackageReference "NetworkUI" */;
			productName = NetworkUI;
		};
		BAAF6E9A2ABF02CE00A3EC29 /* SkeletonView */ = {
			isa = XCSwiftPackageProductDependency;
			package = BAAF6E992ABF02CE00A3EC29 /* XCRemoteSwiftPackageReference "SkeletonView" */;
			productName = SkeletonView;
		};
/* End XCSwiftPackageProductDependency section */

/* Begin XCVersionGroup section */
		BA2DB6AB2ABDEA2500CB29C7 /* Marvel_Characters.xcdatamodeld */ = {
			isa = XCVersionGroup;
			children = (
				BA2DB6AC2ABDEA2500CB29C7 /* Marvel_Characters.xcdatamodel */,
			);
			currentVersion = BA2DB6AC2ABDEA2500CB29C7 /* Marvel_Characters.xcdatamodel */;
			path = Marvel_Characters.xcdatamodeld;
			sourceTree = "<group>";
			versionGroupType = wrapper.xcdatamodel;
		};
/* End XCVersionGroup section */
	};
	rootObject = BA2DB6952ABDEA2400CB29C7 /* Project object */;
}
